
Microsoft Visual Studio Solution File, Format Version 12.00
# Visual Studio 15
VisualStudioVersion = 15.0.27703.2035
MinimumVisualStudioVersion = 10.0.40219.1
Project("{FAE04EC0-301F-11D3-BF4B-00C04F79EFBC}") = "DefiningClasses", "DefiningClasses\DefiningClasses.csproj", "{D1CCBCDD-80E6-41AA-939E-184881CDBA78}"
EndProject
Global
	GlobalSection(SolutionConfigurationPlatforms) = preSolution
		Debug|Any CPU = Debug|Any CPU
		Release|Any CPU = Release|Any CPU
	EndGlobalSection
	GlobalSection(ProjectConfigurationPlatforms) = postSolution
		{D1CCBCDD-80E6-41AA-939E-184881CDBA78}.Debug|Any CPU.ActiveCfg = Debug|Any CPU
		{D1CCBCDD-80E6-41AA-939E-184881CDBA78}.Debug|Any CPU.Build.0 = Debug|Any CPU
		{D1CCBCDD-80E6-41AA-939E-184881CDBA78}.Release|Any CPU.ActiveCfg = Release|Any CPU
		{D1CCBCDD-80E6-41AA-939E-184881CDBA78}.Release|Any CPU.Build.0 = Release|Any CPU
	EndGlobalSection
	GlobalSection(SolutionProperties) = preSolution
		HideSolutionNode = FALSE
	EndGlobalSection
	GlobalSection(ExtensibilityGlobals) = postSolution
		SolutionGuid = {37575805-0301-4B16-921E-6C7505EA226B}
	EndGlobalSection
EndGlobal
